# THIS IS AN AUTOGENERATED FILE. DO NOT EDIT THIS FILE DIRECTLY.
# yarn lockfile v1


seaport-core@^0.0.1:
  version "0.0.1"
  resolved "https://registry.yarnpkg.com/seaport-core/-/seaport-core-0.0.1.tgz#99db0b605d0fbbfd43ca7a4724e64374ce47f6d4"
  integrity sha512-fgdSIC0ru8xK+fdDfF4bgTFH8ssr6EwbPejC2g/JsWzxy+FvG7JfaX57yn/eIv6hoscgZL87Rm+kANncgwLH3A==
  dependencies:
    seaport-types "^0.0.1"

seaport-types@^0.0.1:
  version "0.0.1"
  resolved "https://registry.yarnpkg.com/seaport-types/-/seaport-types-0.0.1.tgz#e2a32fe8641853d7dadb1b0232d911d88ccc3f1a"
  integrity sha512-m7MLa7sq3YPwojxXiVvoX1PM9iNVtQIn7AdEtBnKTwgxPfGRWUlbs/oMgetpjT/ZYTmv3X5/BghOcstWYvKqRA==
